// !$*UTF8*$!
{
	archiveVersion = 1;
	classes = {
	};
	objectVersion = 50;
	objects = {

/* Begin PBXBuildFile section */
		F497ADB6245C6FD3008E04CA /* AppDelegate.swift in Sources */ = {isa = PBXBuildFile; fileRef = F497ADB5245C6FD3008E04CA /* AppDelegate.swift */; };
		F497ADB8245C6FD3008E04CA /* SceneDelegate.swift in Sources */ = {isa = PBXBuildFile; fileRef = F497ADB7245C6FD3008E04CA /* SceneDelegate.swift */; };
		F497ADBA245C6FD3008E04CA /* ViewController.swift in Sources */ = {isa = PBXBuildFile; fileRef = F497ADB9245C6FD3008E04CA /* ViewController.swift */; };
		F497ADBD245C6FD3008E04CA /* Main.storyboard in Resources */ = {isa = PBXBuildFile; fileRef = F497ADBB245C6FD3008E04CA /* Main.storyboard */; };
		F497ADBF245C6FD5008E04CA /* Assets.xcassets in Resources */ = {isa = PBXBuildFile; fileRef = F497ADBE245C6FD5008E04CA /* Assets.xcassets */; };
		F497ADC2245C6FD5008E04CA /* LaunchScreen.storyboard in Resources */ = {isa = PBXBuildFile; fileRef = F497ADC0245C6FD5008E04CA /* LaunchScreen.storyboard */; };
		F497ADCA245C75A5008E04CA /* ButtonViewController.swift in Sources */ = {isa = PBXBuildFile; fileRef = F497ADC9245C75A5008E04CA /* ButtonViewController.swift */; };
/* End PBXBuildFile section */

/* Begin PBXFileReference section */
		F497ADB2245C6FD2008E04CA /* iOS_SecondHW_injeong.app */ = {isa = PBXFileReference; explicitFileType = wrapper.application; includeInIndex = 0; path = iOS_SecondHW_injeong.app; sourceTree = BUILT_PRODUCTS_DIR; };
		F497ADB5245C6FD3008E04CA /* AppDelegate.swift */ = {isa = PBXFileReference; lastKnownFileType = sourcecode.swift; path = AppDelegate.swift; sourceTree = "<group>"; };
		F497ADB7245C6FD3008E04CA /* SceneDelegate.swift */ = {isa = PBXFileReference; lastKnownFileType = sourcecode.swift; path = SceneDelegate.swift; sourceTree = "<group>"; };
		F497ADB9245C6FD3008E04CA /* ViewController.swift */ = {isa = PBXFileReference; lastKnownFileType = sourcecode.swift; path = ViewController.swift; sourceTree = "<group>"; };
		F497ADBC245C6FD3008E04CA /* Base */ = {isa = PBXFileReference; lastKnownFileType = file.storyboard; name = Base; path = Base.lproj/Main.storyboard; sourceTree = "<group>"; };
		F497ADBE245C6FD5008E04CA /* Assets.xcassets */ = {isa = PBXFileReference; lastKnownFileType = folder.assetcatalog; path = Assets.xcassets; sourceTree = "<group>"; };
		F497ADC1245C6FD5008E04CA /* Base */ = {isa = PBXFileReference; lastKnownFileType = file.storyboard; name = Base; path = Base.lproj/LaunchScreen.storyboard; sourceTree = "<group>"; };
		F497ADC3245C6FD5008E04CA /* Info.plist */ = {isa = PBXFileReference; lastKnownFileType = text.plist.xml; path = Info.plist; sourceTree = "<group>"; };
		F497ADC9245C75A5008E04CA /* ButtonViewController.swift */ = {isa = PBXFileReference; lastKnownFileType = sourcecode.swift; path = ButtonViewController.swift; sourceTree = "<group>"; };
/* End PBXFileReference section */

/* Begin PBXFrameworksBuildPhase section */
		F497ADAF245C6FD2008E04CA /* Frameworks */ = {
			isa = PBXFrameworksBuildPhase;
			buildActionMask = 2147483647;
			files = (
			);
			runOnlyForDeploymentPostprocessing = 0;
		};
/* End PBXFrameworksBuildPhase section */

/* Begin PBXGroup section */
		F497ADA9245C6FD2008E04CA = {
			isa = PBXGroup;
			children = (
				F497ADB4245C6FD3008E04CA /* iOS_SecondHW_injeong */,
				F497ADB3245C6FD2008E04CA /* Products */,
			);
			sourceTree = "<group>";
		};
		F497ADB3245C6FD2008E04CA /* Products */ = {
			isa = PBXGroup;
			children = (
				F497ADB2245C6FD2008E04CA /* iOS_SecondHW_injeong.app */,
			);
			name = Products;
			sourceTree = "<group>";
		};
		F497ADB4245C6FD3008E04CA /* iOS_SecondHW_injeong */ = {
			isa = PBXGroup;
			children = (
				F497ADB5245C6FD3008E04CA /* AppDelegate.swift */,
				F497ADB7245C6FD3008E04CA /* SceneDelegate.swift */,
				F497ADB9245C6FD3008E04CA /* ViewController.swift */,
				F497ADBB245C6FD3008E04CA /* Main.storyboard */,
				F497ADBE245C6FD5008E04CA /* Assets.xcassets */,
				F497ADC0245C6FD5008E04CA /* LaunchScreen.storyboard */,
				F497ADC3245C6FD5008E04CA /* Info.plist */,
				F497ADC9245C75A5008E04CA /* ButtonViewController.swift */,
			);
			path = iOS_SecondHW_injeong;
			sourceTree = "<group>";
		};
/* End PBXGroup section */

/* Begin PBXNativeTarget section */
		F497ADB1245C6FD2008E04CA /* iOS_SecondHW_injeong */ = {
			isa = PBXNativeTarget;
			buildConfigurationList = F497ADC6245C6FD5008E04CA /* Build configuration list for PBXNativeTarget "iOS_SecondHW_injeong" */;
			buildPhases = (
				F497ADAE245C6FD2008E04CA /* Sources */,
				F497ADAF245C6FD2008E04CA /* Frameworks */,
				F497ADB0245C6FD2008E04CA /* Resources */,
			);
			buildRules = (
			);
			dependencies = (
			);
			name = iOS_SecondHW_injeong;
			productName = iOS_SecondHW_injeong;
			productReference = F497ADB2245C6FD2008E04CA /* iOS_SecondHW_injeong.app */;
			productType = "com.apple.product-type.application";
		};
/* End PBXNativeTarget section */

/* Begin PBXProject section */
		F497ADAA245C6FD2008E04CA /* Project object */ = {
			isa = PBXProject;
			attributes = {
				LastSwiftUpdateCheck = 1140;
				LastUpgradeCheck = 1140;
				ORGANIZATIONNAME = indoni;
				TargetAttributes = {
					F497ADB1245C6FD2008E04CA = {
						CreatedOnToolsVersion = 11.4.1;
					};
				};
			};
			buildConfigurationList = F497ADAD245C6FD2008E04CA /* Build configuration list for PBXProject "iOS_SecondHW_injeong" */;
			compatibilityVersion = "Xcode 9.3";
			developmentRegion = en;
			hasScannedForEncodings = 0;
			knownRegions = (
				en,
				Base,
			);
			mainGroup = F497ADA9245C6FD2008E04CA;
			productRefGroup = F497ADB3245C6FD2008E04CA /* Products */;
			projectDirPath = "";
			projectRoot = "";
			targets = (
				F497ADB1245C6FD2008E04CA /* iOS_SecondHW_injeong */,
			);
		};
/* End PBXProject section */

/* Begin PBXResourcesBuildPhase section */
		F497ADB0245C6FD2008E04CA /* Resources */ = {
			isa = PBXResourcesBuildPhase;
			buildActionMask = 2147483647;
			files = (
				F497ADC2245C6FD5008E04CA /* LaunchScreen.storyboard in Resources */,
				F497ADBF245C6FD5008E04CA /* Assets.xcassets in Resources */,
				F497ADBD245C6FD3008E04CA /* Main.storyboard in Resources */,
			);
			runOnlyForDeploymentPostprocessing = 0;
		};
/* End PBXResourcesBuildPhase section */

/* Begin PBXSourcesBuildPhase section */
		F497ADAE245C6FD2008E04CA /* Sources */ = {
			isa = PBXSourcesBuildPhase;
			buildActionMask = 2147483647;
			files = (
				F497ADCA245C75A5008E04CA /* ButtonViewController.swift in Sources */,
				F497ADBA245C6FD3008E04CA /* ViewController.swift in Sources */,
				F497ADB6245C6FD3008E04CA /* AppDelegate.swift in Sources */,
				F497ADB8245C6FD3008E04CA /* SceneDelegate.swift in Sources */,
			);
			runOnlyForDeploymentPostprocessing = 0;
		};
/* End PBXSourcesBuildPhase section */

/* Begin PBXVariantGroup section */
		F497ADBB245C6FD3008E04CA /* Main.storyboard */ = {
			isa = PBXVariantGroup;
			children = (
				F497ADBC245C6FD3008E04CA /* Base */,
			);
			name = Main.storyboard;
			sourceTree = "<group>";
		};
		F497ADC0245C6FD5008E04CA /* LaunchScreen.storyboard */ = {
			isa = PBXVariantGroup;
			children = (
				F497ADC1245C6FD5008E04CA /* Base */,
			);
			name = LaunchScreen.storyboard;
			sourceTree = "<group>";
		};
/* End PBXVariantGroup section */

/* Begin XCBuildConfiguration section */
		F497ADC4245C6FD5008E04CA /* Debug */ = {
			isa = XCBuildConfiguration;
			buildSettings = {
				ALWAYS_SEARCH_USER_PATHS = NO;
				CLANG_ANALYZER_NONNULL = YES;
				CLANG_ANALYZER_NUMBER_OBJECT_CONVERSION = YES_AGGRESSIVE;
				CLANG_CXX_LANGUAGE_STANDARD = "gnu++14";
				CLANG_CXX_LIBRARY = "libc++";
				CLANG_ENABLE_MODULES = YES;
				CLANG_ENABLE_OBJC_ARC = YES;
				CLANG_ENABLE_OBJC_WEAK = YES;
				CLANG_WARN_BLOCK_CAPTURE_AUTORELEASING = YES;
				CLANG_WARN_BOOL_CONVERSION = YES;
				CLANG_WARN_COMMA = YES;
				CLANG_WARN_CONSTANT_CONVERSION = YES;
				CLANG_WARN_DEPRECATED_OBJC_IMPLEMENTATIONS = YES;
				CLANG_WARN_DIRECT_OBJC_ISA_USAGE = YES_ERROR;
				CLANG_WARN_DOCUMENTATION_COMMENTS = YES;
				CLANG_WARN_EMPTY_BODY = YES;
				CLANG_WARN_ENUM_CONVERSION = YES;
				CLANG_WARN_INFINITE_RECURSION = YES;
				CLANG_WARN_INT_CONVERSION = YES;
				CLANG_WARN_NON_LITERAL_NULL_CONVERSION = YES;
				CLANG_WARN_OBJC_IMPLICIT_RETAIN_SELF = YES;
				CLANG_WARN_OBJC_LITERAL_CONVERSION = YES;
				CLANG_WARN_OBJC_ROOT_CLASS = YES_ERROR;
				CLANG_WARN_RANGE_LOOP_ANALYSIS = YES;
				CLANG_WARN_STRICT_PROTOTYPES = YES;
				CLANG_WARN_SUSPICIOUS_MOVE = YES;
				CLANG_WARN_UNGUARDED_AVAILABILITY = YES_AGGRESSIVE;
				CLANG_WARN_UNREACHABLE_CODE = YES;
				CLANG_WARN__DUPLICATE_METHOD_MATCH = YES;
				COPY_PHASE_STRIP = NO;
				DEBUG_INFORMATION_FORMAT = dwarf;
				ENABLE_STRICT_OBJC_MSGSEND = YES;
				ENABLE_TESTABILITY = YES;
				GCC_C_LANGUAGE_STANDARD = gnu11;
				GCC_DYNAMIC_NO_PIC = NO;
				GCC_NO_COMMON_BLOCKS = YES;
				GCC_OPTIMIZATION_LEVEL = 0;
				GCC_PREPROCESSOR_DEFINITIONS = (
					"DEBUG=1",
					"$(inherited)",
				);
				GCC_WARN_64_TO_32_BIT_CONVERSION = YES;
				GCC_WARN_ABOUT_RETURN_TYPE = YES_ERROR;
				GCC_WARN_UNDECLARED_SELECTOR = YES;
				GCC_WARN_UNINITIALIZED_AUTOS = YES_AGGRESSIVE;
				GCC_WARN_UNUSED_FUNCTION = YES;
				GCC_WARN_UNUSED_VARIABLE = YES;
				IPHONEOS_DEPLOYMENT_TARGET = 13.4;
				MTL_ENABLE_DEBUG_INFO = INCLUDE_SOURCE;
				MTL_FAST_MATH = YES;
				ONLY_ACTIVE_ARCH = YES;
				SDKROOT = iphoneos;
				SWIFT_ACTIVE_COMPILATION_CONDITIONS = DEBUG;
				SWIFT_OPTIMIZATION_LEVEL = "-Onone";
			};
			name = Debug;
		};
		F497ADC5245C6FD5008E04CA /* Release */ = {
			isa = XCBuildConfiguration;
			buildSettings = {
				ALWAYS_SEARCH_USER_PATHS = NO;
				CLANG_ANALYZER_NONNULL = YES;
				CLANG_ANALYZER_NUMBER_OBJECT_CONVERSION = YES_AGGRESSIVE;
				CLANG_CXX_LANGUAGE_STANDARD = "gnu++14";
				CLANG_CXX_LIBRARY = "libc++";
				CLANG_ENABLE_MODULES = YES;
				CLANG_ENABLE_OBJC_ARC = YES;
				CLANG_ENABLE_OBJC_WEAK = YES;
				CLANG_WARN_BLOCK_CAPTURE_AUTORELEASING = YES;
				CLANG_WARN_BOOL_CONVERSION = YES;
				CLANG_WARN_COMMA = YES;
				CLANG_WARN_CONSTANT_CONVERSION = YES;
				CLANG_WARN_DEPRECATED_OBJC_IMPLEMENTATIONS = YES;
				CLANG_WARN_DIRECT_OBJC_ISA_USAGE = YES_ERROR;
				CLANG_WARN_DOCUMENTATION_COMMENTS = YES;
				CLANG_WARN_EMPTY_BODY = YES;
				CLANG_WARN_ENUM_CONVERSION = YES;
				CLANG_WARN_INFINITE_RECURSION = YES;
				CLANG_WARN_INT_CONVERSION = YES;
				CLANG_WARN_NON_LITERAL_NULL_CONVERSION = YES;
				CLANG_WARN_OBJC_IMPLICIT_RETAIN_SELF = YES;
				CLANG_WARN_OBJC_LITERAL_CONVERSION = YES;
				CLANG_WARN_OBJC_ROOT_CLASS = YES_ERROR;
				CLANG_WARN_RANGE_LOOP_ANALYSIS = YES;
				CLANG_WARN_STRICT_PROTOTYPES = YES;
				CLANG_WARN_SUSPICIOUS_MOVE = YES;
				CLANG_WARN_UNGUARDED_AVAILABILITY = YES_AGGRESSIVE;
				CLANG_WARN_UNREACHABLE_CODE = YES;
				CLANG_WARN__DUPLICATE_METHOD_MATCH = YES;
				COPY_PHASE_STRIP = NO;
				DEBUG_INFORMATION_FORMAT = "dwarf-with-dsym";
				ENABLE_NS_ASSERTIONS = NO;
				ENABLE_STRICT_OBJC_MSGSEND = YES;
				GCC_C_LANGUAGE_STANDARD = gnu11;
				GCC_NO_COMMON_BLOCKS = YES;
				GCC_WARN_64_TO_32_BIT_CONVERSION = YES;
				GCC_WARN_ABOUT_RETURN_TYPE = YES_ERROR;
				GCC_WARN_UNDECLARED_SELECTOR = YES;
				GCC_WARN_UNINITIALIZED_AUTOS = YES_AGGRESSIVE;
				GCC_WARN_UNUSED_FUNCTION = YES;
				GCC_WARN_UNUSED_VARIABLE = YES;
				IPHONEOS_DEPLOYMENT_TARGET = 13.4;
				MTL_ENABLE_DEBUG_INFO = NO;
				MTL_FAST_MATH = YES;
				SDKROOT = iphoneos;
				SWIFT_COMPILATION_MODE = wholemodule;
				SWIFT_OPTIMIZATION_LEVEL = "-O";
				VALIDATE_PRODUCT = YES;
			};
			name = Release;
		};
		F497ADC7245C6FD5008E04CA /* Debug */ = {
			isa = XCBuildConfiguration;
			buildSettings = {
				ASSETCATALOG_COMPILER_APPICON_NAME = AppIcon;
				CODE_SIGN_STYLE = Automatic;
				INFOPLIST_FILE = iOS_SecondHW_injeong/Info.plist;
				LD_RUNPATH_SEARCH_PATHS = (
					"$(inherited)",
					"@executable_path/Frameworks",
				);
				PRODUCT_BUNDLE_IDENTIFIER = "com.tistory.indoni.iOS-SecondHW-injeong";
				PRODUCT_NAME = "$(TARGET_NAME)";
				SWIFT_VERSION = 5.0;
				TARGETED_DEVICE_FAMILY = "1,2";
			};
			name = Debug;
		};
		F497ADC8245C6FD5008E04CA /* Release */ = {
			isa = XCBuildConfiguration;
			buildSettings = {
				ASSETCATALOG_COMPILER_APPICON_NAME = AppIcon;
				CODE_SIGN_STYLE = Automatic;
				INFOPLIST_FILE = iOS_SecondHW_injeong/Info.plist;
				LD_RUNPATH_SEARCH_PATHS = (
					"$(inherited)",
					"@executable_path/Frameworks",
				);
				PRODUCT_BUNDLE_IDENTIFIER = "com.tistory.indoni.iOS-SecondHW-injeong";
				PRODUCT_NAME = "$(TARGET_NAME)";
				SWIFT_VERSION = 5.0;
				TARGETED_DEVICE_FAMILY = "1,2";
			};
			name = Release;
		};
/* End XCBuildConfiguration section */

/* Begin XCConfigurationList section */
		F497ADAD245C6FD2008E04CA /* Build configuration list for PBXProject "iOS_SecondHW_injeong" */ = {
			isa = XCConfigurationList;
			buildConfigurations = (
				F497ADC4245C6FD5008E04CA /* Debug */,
				F497ADC5245C6FD5008E04CA /* Release */,
			);
			defaultConfigurationIsVisible = 0;
			defaultConfigurationName = Release;
		};
		F497ADC6245C6FD5008E04CA /* Build configuration list for PBXNativeTarget "iOS_SecondHW_injeong" */ = {
			isa = XCConfigurationList;
			buildConfigurations = (
				F497ADC7245C6FD5008E04CA /* Debug */,
				F497ADC8245C6FD5008E04CA /* Release */,
			);
			defaultConfigurationIsVisible = 0;
			defaultConfigurationName = Release;
		};
/* End XCConfigurationList section */
	};
	rootObject = F497ADAA245C6FD2008E04CA /* Project object */;
}
